{
  "lockfileVersion": 1,
  "workspaces": {
    "": {
      "name": "wordpress-frontend-proxy",
      "dependencies": {
        "eta": "^3.5.0",
      },
      "devDependencies": {
        "prettier": "^3.5.1",
      },
    },
  },
  "packages": {
    "eta": ["eta@3.5.0", "", {}, "sha512-e3x3FBvGzeCIHhF+zhK8FZA2vC5uFn6b4HJjegUbIWrDb4mJ7JjTGMJY9VGIbRVpmSwHopNiaJibhjIr+HfLug=="],

    "prettier": ["prettier@3.5.1", "", { "bin": { "prettier": "bin/prettier.cjs" } }, "sha512-hPpFQvHwL3Qv5AdRvBFMhnKo4tYxp0ReXiPn2bxkiohEX6mBeBwEpBSQTkD458RaaDKQMYSp4hX4UtfUTA5wDw=="],
  }
}
